
Microsoft Visual Studio Solution File, Format Version 12.00
# Visual Studio 15
VisualStudioVersion = 15.0.27428.2015
MinimumVisualStudioVersion = 10.0.40219.1
Project("{FAE04EC0-301F-11D3-BF4B-00C04F79EFBC}") = "SimpleCalculator", "SimpleCalculator\SimpleCalculator.csproj", "{08B8B344-56E2-4236-B573-511EE913CB49}"
EndProject
Project("{FAE04EC0-301F-11D3-BF4B-00C04F79EFBC}") = "SimpleCalculator.Test.Unit", "SimpleCalculator.Test.Unit\SimpleCalculator.Test.Unit.csproj", "{98A11436-CFE4-48AA-BECE-86FBCF5A185B}"
EndProject
Global
	GlobalSection(SolutionConfigurationPlatforms) = preSolution
		Debug|Any CPU = Debug|Any CPU
		Release|Any CPU = Release|Any CPU
	EndGlobalSection
	GlobalSection(ProjectConfigurationPlatforms) = postSolution
		{08B8B344-56E2-4236-B573-511EE913CB49}.Debug|Any CPU.ActiveCfg = Debug|Any CPU
		{08B8B344-56E2-4236-B573-511EE913CB49}.Debug|Any CPU.Build.0 = Debug|Any CPU
		{08B8B344-56E2-4236-B573-511EE913CB49}.Release|Any CPU.ActiveCfg = Release|Any CPU
		{08B8B344-56E2-4236-B573-511EE913CB49}.Release|Any CPU.Build.0 = Release|Any CPU
		{98A11436-CFE4-48AA-BECE-86FBCF5A185B}.Debug|Any CPU.ActiveCfg = Debug|Any CPU
		{98A11436-CFE4-48AA-BECE-86FBCF5A185B}.Debug|Any CPU.Build.0 = Debug|Any CPU
		{98A11436-CFE4-48AA-BECE-86FBCF5A185B}.Release|Any CPU.ActiveCfg = Release|Any CPU
		{98A11436-CFE4-48AA-BECE-86FBCF5A185B}.Release|Any CPU.Build.0 = Release|Any CPU
	EndGlobalSection
	GlobalSection(SolutionProperties) = preSolution
		HideSolutionNode = FALSE
	EndGlobalSection
	GlobalSection(ExtensibilityGlobals) = postSolution
		SolutionGuid = {2F83AEC3-CEF5-4266-87B2-3D3EA9D5D217}
	EndGlobalSection
EndGlobal
