
Microsoft Visual Studio Solution File, Format Version 12.00
# Visual Studio 15
VisualStudioVersion = 15.0.27428.2015
MinimumVisualStudioVersion = 10.0.40219.1
Project("{FAE04EC0-301F-11D3-BF4B-00C04F79EFBC}") = "SimpleWebScraper", "SimpleWebScraper\SimpleWebScraper.csproj", "{32B55A5D-0A56-467B-A8A9-8F075A2691B3}"
EndProject
Project("{FAE04EC0-301F-11D3-BF4B-00C04F79EFBC}") = "SimpleWebScraper.Test.Unit", "SimpleWebScraper.Test.Unit\SimpleWebScraper.Test.Unit.csproj", "{C8F65580-7E58-4D3C-B778-CBD5E75C6AC7}"
EndProject
Global
	GlobalSection(SolutionConfigurationPlatforms) = preSolution
		Debug|Any CPU = Debug|Any CPU
		Release|Any CPU = Release|Any CPU
	EndGlobalSection
	GlobalSection(ProjectConfigurationPlatforms) = postSolution
		{32B55A5D-0A56-467B-A8A9-8F075A2691B3}.Debug|Any CPU.ActiveCfg = Debug|Any CPU
		{32B55A5D-0A56-467B-A8A9-8F075A2691B3}.Debug|Any CPU.Build.0 = Debug|Any CPU
		{32B55A5D-0A56-467B-A8A9-8F075A2691B3}.Release|Any CPU.ActiveCfg = Release|Any CPU
		{32B55A5D-0A56-467B-A8A9-8F075A2691B3}.Release|Any CPU.Build.0 = Release|Any CPU
		{C8F65580-7E58-4D3C-B778-CBD5E75C6AC7}.Debug|Any CPU.ActiveCfg = Debug|Any CPU
		{C8F65580-7E58-4D3C-B778-CBD5E75C6AC7}.Debug|Any CPU.Build.0 = Debug|Any CPU
		{C8F65580-7E58-4D3C-B778-CBD5E75C6AC7}.Release|Any CPU.ActiveCfg = Release|Any CPU
		{C8F65580-7E58-4D3C-B778-CBD5E75C6AC7}.Release|Any CPU.Build.0 = Release|Any CPU
	EndGlobalSection
	GlobalSection(SolutionProperties) = preSolution
		HideSolutionNode = FALSE
	EndGlobalSection
	GlobalSection(ExtensibilityGlobals) = postSolution
		SolutionGuid = {61DC748C-70B3-4634-BC53-DFFFCEFA70F3}
	EndGlobalSection
EndGlobal
