
Microsoft Visual Studio Solution File, Format Version 12.00
# Visual Studio 15
VisualStudioVersion = 15.0.27428.2015
MinimumVisualStudioVersion = 10.0.40219.1
Project("{FAE04EC0-301F-11D3-BF4B-00C04F79EFBC}") = "WordUnscrambler", "WordUnscrambler\WordUnscrambler.csproj", "{4640A639-5001-4C75-A7C9-960EDF91A483}"
EndProject
Project("{FAE04EC0-301F-11D3-BF4B-00C04F79EFBC}") = "WordUnscrambler.Test.Unit", "WordUnscrambler.Test.Unit\WordUnscrambler.Test.Unit.csproj", "{280A5646-AC3B-42DC-BF26-751D9280456D}"
EndProject
Global
	GlobalSection(SolutionConfigurationPlatforms) = preSolution
		Debug|Any CPU = Debug|Any CPU
		Release|Any CPU = Release|Any CPU
	EndGlobalSection
	GlobalSection(ProjectConfigurationPlatforms) = postSolution
		{4640A639-5001-4C75-A7C9-960EDF91A483}.Debug|Any CPU.ActiveCfg = Debug|Any CPU
		{4640A639-5001-4C75-A7C9-960EDF91A483}.Debug|Any CPU.Build.0 = Debug|Any CPU
		{4640A639-5001-4C75-A7C9-960EDF91A483}.Release|Any CPU.ActiveCfg = Release|Any CPU
		{4640A639-5001-4C75-A7C9-960EDF91A483}.Release|Any CPU.Build.0 = Release|Any CPU
		{280A5646-AC3B-42DC-BF26-751D9280456D}.Debug|Any CPU.ActiveCfg = Debug|Any CPU
		{280A5646-AC3B-42DC-BF26-751D9280456D}.Debug|Any CPU.Build.0 = Debug|Any CPU
		{280A5646-AC3B-42DC-BF26-751D9280456D}.Release|Any CPU.ActiveCfg = Release|Any CPU
		{280A5646-AC3B-42DC-BF26-751D9280456D}.Release|Any CPU.Build.0 = Release|Any CPU
	EndGlobalSection
	GlobalSection(SolutionProperties) = preSolution
		HideSolutionNode = FALSE
	EndGlobalSection
	GlobalSection(ExtensibilityGlobals) = postSolution
		SolutionGuid = {132C1FDE-74D6-4700-ACF9-0D7AA971B57F}
	EndGlobalSection
EndGlobal
